
Microsoft Visual Studio Solution File, Format Version 12.00
# Visual Studio Version 16
VisualStudioVersion = 16.0.29424.173
MinimumVisualStudioVersion = 10.0.40219.1
Project("{FAE04EC0-301F-11D3-BF4B-00C04F79EFBC}") = "chordcraft.api", "chordcraft.api\chordcraft.api.csproj", "{2AF3EA8E-ED2B-404B-809A-51E1D74BA5BE}"
EndProject
Global
	GlobalSection(SolutionConfigurationPlatforms) = preSolution
		Debug|Any CPU = Debug|Any CPU
		Release|Any CPU = Release|Any CPU
	EndGlobalSection
	GlobalSection(ProjectConfigurationPlatforms) = postSolution
		{2AF3EA8E-ED2B-404B-809A-51E1D74BA5BE}.Debug|Any CPU.ActiveCfg = Debug|Any CPU
		{2AF3EA8E-ED2B-404B-809A-51E1D74BA5BE}.Debug|Any CPU.Build.0 = Debug|Any CPU
		{2AF3EA8E-ED2B-404B-809A-51E1D74BA5BE}.Release|Any CPU.ActiveCfg = Release|Any CPU
		{2AF3EA8E-ED2B-404B-809A-51E1D74BA5BE}.Release|Any CPU.Build.0 = Release|Any CPU
	EndGlobalSection
	GlobalSection(SolutionProperties) = preSolution
		HideSolutionNode = FALSE
	EndGlobalSection
	GlobalSection(ExtensibilityGlobals) = postSolution
		SolutionGuid = {ED606728-EDF6-493E-9849-65A8D9F6598C}
	EndGlobalSection
EndGlobal
